
Microsoft Visual Studio Solution File, Format Version 12.00
# Visual Studio 2013
VisualStudioVersion = 12.0.30723.0
MinimumVisualStudioVersion = 10.0.40219.1
Project("{FAE04EC0-301F-11D3-BF4B-00C04F79EFBC}") = "Razzil.Workflow", "Razzil.Workflow\Razzil.Workflow.csproj", "{A27ECD52-27E0-4A1D-8BFF-4E2473716891}"
EndProject
Project("{FAE04EC0-301F-11D3-BF4B-00C04F79EFBC}") = "Razzil.DataAccess", "Razzil.DataAccess\Razzil.DataAccess.csproj", "{EC031A5D-5C78-4C98-80E8-B35C1F855317}"
EndProject
Project("{00D1A9C2-B5F0-4AF3-8072-F6C62B433612}") = "Razzil.Database", "Razzil.Database\Razzil.Database.sqlproj", "{36B24F3F-9C12-4AE7-AD52-25EA93FE2F1C}"
EndProject
Project("{FAE04EC0-301F-11D3-BF4B-00C04F79EFBC}") = "Razzil.Tools", "Razzil.Tools\Razzil.Tools.csproj", "{D8B038E4-6F31-4733-B3D7-1DCF4CEC2F99}"
EndProject
Project("{FAE04EC0-301F-11D3-BF4B-00C04F79EFBC}") = "Razzil.IntegrationTest", "Razzil.IntegrationTest\Razzil.IntegrationTest.csproj", "{57B244C4-DC16-4BA2-98C1-170800D12481}"
EndProject
Project("{FAE04EC0-301F-11D3-BF4B-00C04F79EFBC}") = "Razzil.UnitTest", "Razzil.UnitTest\Razzil.UnitTest.csproj", "{305B3508-918D-404B-BF0F-DBC09DCA6805}"
EndProject
Project("{FAE04EC0-301F-11D3-BF4B-00C04F79EFBC}") = "Razzil.Models", "Razzil.Models\Razzil.Models.csproj", "{1088BAB7-500E-4B92-8F9E-6FD14E64E497}"
EndProject
Project("{FAE04EC0-301F-11D3-BF4B-00C04F79EFBC}") = "Razzil.Web", "Razzil.Web\Razzil.Web.csproj", "{4CC0F201-FE52-4D6D-B6C4-2FFF7E3188BA}"
EndProject
Project("{FAE04EC0-301F-11D3-BF4B-00C04F79EFBC}") = "Razzil.Utils", "Razzil.Utils\Razzil.Utils.csproj", "{F886540F-A012-4BF1-BCAE-80F1697F183A}"
EndProject
Project("{FAE04EC0-301F-11D3-BF4B-00C04F79EFBC}") = "Razzil.StepsGenerator", "Razzil.StepsGenerator\Razzil.StepsGenerator.csproj", "{BEACDE6C-4B1B-4533-A93A-E163F9FF9576}"
EndProject
Global
	GlobalSection(SolutionConfigurationPlatforms) = preSolution
		Debug|Any CPU = Debug|Any CPU
		Release|Any CPU = Release|Any CPU
	EndGlobalSection
	GlobalSection(ProjectConfigurationPlatforms) = postSolution
		{A27ECD52-27E0-4A1D-8BFF-4E2473716891}.Debug|Any CPU.ActiveCfg = Debug|Any CPU
		{A27ECD52-27E0-4A1D-8BFF-4E2473716891}.Debug|Any CPU.Build.0 = Debug|Any CPU
		{A27ECD52-27E0-4A1D-8BFF-4E2473716891}.Release|Any CPU.ActiveCfg = Release|Any CPU
		{A27ECD52-27E0-4A1D-8BFF-4E2473716891}.Release|Any CPU.Build.0 = Release|Any CPU
		{EC031A5D-5C78-4C98-80E8-B35C1F855317}.Debug|Any CPU.ActiveCfg = Debug|Any CPU
		{EC031A5D-5C78-4C98-80E8-B35C1F855317}.Debug|Any CPU.Build.0 = Debug|Any CPU
		{EC031A5D-5C78-4C98-80E8-B35C1F855317}.Release|Any CPU.ActiveCfg = Release|Any CPU
		{EC031A5D-5C78-4C98-80E8-B35C1F855317}.Release|Any CPU.Build.0 = Release|Any CPU
		{36B24F3F-9C12-4AE7-AD52-25EA93FE2F1C}.Debug|Any CPU.ActiveCfg = Debug|Any CPU
		{36B24F3F-9C12-4AE7-AD52-25EA93FE2F1C}.Debug|Any CPU.Build.0 = Debug|Any CPU
		{36B24F3F-9C12-4AE7-AD52-25EA93FE2F1C}.Debug|Any CPU.Deploy.0 = Debug|Any CPU
		{36B24F3F-9C12-4AE7-AD52-25EA93FE2F1C}.Release|Any CPU.ActiveCfg = Release|Any CPU
		{36B24F3F-9C12-4AE7-AD52-25EA93FE2F1C}.Release|Any CPU.Build.0 = Release|Any CPU
		{36B24F3F-9C12-4AE7-AD52-25EA93FE2F1C}.Release|Any CPU.Deploy.0 = Release|Any CPU
		{D8B038E4-6F31-4733-B3D7-1DCF4CEC2F99}.Debug|Any CPU.ActiveCfg = Debug|Any CPU
		{D8B038E4-6F31-4733-B3D7-1DCF4CEC2F99}.Debug|Any CPU.Build.0 = Debug|Any CPU
		{D8B038E4-6F31-4733-B3D7-1DCF4CEC2F99}.Release|Any CPU.ActiveCfg = Release|Any CPU
		{D8B038E4-6F31-4733-B3D7-1DCF4CEC2F99}.Release|Any CPU.Build.0 = Release|Any CPU
		{57B244C4-DC16-4BA2-98C1-170800D12481}.Debug|Any CPU.ActiveCfg = Debug|Any CPU
		{57B244C4-DC16-4BA2-98C1-170800D12481}.Debug|Any CPU.Build.0 = Debug|Any CPU
		{57B244C4-DC16-4BA2-98C1-170800D12481}.Release|Any CPU.ActiveCfg = Release|Any CPU
		{57B244C4-DC16-4BA2-98C1-170800D12481}.Release|Any CPU.Build.0 = Release|Any CPU
		{305B3508-918D-404B-BF0F-DBC09DCA6805}.Debug|Any CPU.ActiveCfg = Debug|Any CPU
		{305B3508-918D-404B-BF0F-DBC09DCA6805}.Debug|Any CPU.Build.0 = Debug|Any CPU
		{305B3508-918D-404B-BF0F-DBC09DCA6805}.Release|Any CPU.ActiveCfg = Release|Any CPU
		{305B3508-918D-404B-BF0F-DBC09DCA6805}.Release|Any CPU.Build.0 = Release|Any CPU
		{1088BAB7-500E-4B92-8F9E-6FD14E64E497}.Debug|Any CPU.ActiveCfg = Debug|Any CPU
		{1088BAB7-500E-4B92-8F9E-6FD14E64E497}.Debug|Any CPU.Build.0 = Debug|Any CPU
		{1088BAB7-500E-4B92-8F9E-6FD14E64E497}.Release|Any CPU.ActiveCfg = Release|Any CPU
		{1088BAB7-500E-4B92-8F9E-6FD14E64E497}.Release|Any CPU.Build.0 = Release|Any CPU
		{4CC0F201-FE52-4D6D-B6C4-2FFF7E3188BA}.Debug|Any CPU.ActiveCfg = Debug|Any CPU
		{4CC0F201-FE52-4D6D-B6C4-2FFF7E3188BA}.Debug|Any CPU.Build.0 = Debug|Any CPU
		{4CC0F201-FE52-4D6D-B6C4-2FFF7E3188BA}.Release|Any CPU.ActiveCfg = Release|Any CPU
		{4CC0F201-FE52-4D6D-B6C4-2FFF7E3188BA}.Release|Any CPU.Build.0 = Release|Any CPU
		{F886540F-A012-4BF1-BCAE-80F1697F183A}.Debug|Any CPU.ActiveCfg = Debug|Any CPU
		{F886540F-A012-4BF1-BCAE-80F1697F183A}.Debug|Any CPU.Build.0 = Debug|Any CPU
		{F886540F-A012-4BF1-BCAE-80F1697F183A}.Release|Any CPU.ActiveCfg = Release|Any CPU
		{F886540F-A012-4BF1-BCAE-80F1697F183A}.Release|Any CPU.Build.0 = Release|Any CPU
		{BEACDE6C-4B1B-4533-A93A-E163F9FF9576}.Debug|Any CPU.ActiveCfg = Debug|Any CPU
		{BEACDE6C-4B1B-4533-A93A-E163F9FF9576}.Debug|Any CPU.Build.0 = Debug|Any CPU
		{BEACDE6C-4B1B-4533-A93A-E163F9FF9576}.Release|Any CPU.ActiveCfg = Release|Any CPU
		{BEACDE6C-4B1B-4533-A93A-E163F9FF9576}.Release|Any CPU.Build.0 = Release|Any CPU
	EndGlobalSection
	GlobalSection(SolutionProperties) = preSolution
		HideSolutionNode = FALSE
	EndGlobalSection
EndGlobal
